// !$*UTF8*$!
{
	archiveVersion = 1;
	classes = {
	};
	objectVersion = 46;
	objects = {

/* Begin PBXBuildFile section */
		F8B189521CE816DC00E2A9DB /* AppDelegate.swift in Sources */ = {isa = PBXBuildFile; fileRef = F8B189511CE816DC00E2A9DB /* AppDelegate.swift */; };
		F8B189571CE816DC00E2A9DB /* Main.storyboard in Resources */ = {isa = PBXBuildFile; fileRef = F8B189551CE816DC00E2A9DB /* Main.storyboard */; };
		F8B189591CE816DC00E2A9DB /* Assets.xcassets in Resources */ = {isa = PBXBuildFile; fileRef = F8B189581CE816DC00E2A9DB /* Assets.xcassets */; };
		F8B1895C1CE816DC00E2A9DB /* LaunchScreen.storyboard in Resources */ = {isa = PBXBuildFile; fileRef = F8B1895A1CE816DC00E2A9DB /* LaunchScreen.storyboard */; };
		F8B189651CE8173300E2A9DB /* ImageViewController.swift in Sources */ = {isa = PBXBuildFile; fileRef = F8B189641CE8173300E2A9DB /* ImageViewController.swift */; };
		F8B189671CE8194400E2A9DB /* DemoURL.swift in Sources */ = {isa = PBXBuildFile; fileRef = F8B189661CE8194400E2A9DB /* DemoURL.swift */; };
		F8B189691CE81E3A00E2A9DB /* CassiniViewController.swift in Sources */ = {isa = PBXBuildFile; fileRef = F8B189681CE81E3A00E2A9DB /* CassiniViewController.swift */; };
/* End PBXBuildFile section */

/* Begin PBXFileReference section */
		F8B1894E1CE816DC00E2A9DB /* Cassini.app */ = {isa = PBXFileReference; explicitFileType = wrapper.application; includeInIndex = 0; path = Cassini.app; sourceTree = BUILT_PRODUCTS_DIR; };
		F8B189511CE816DC00E2A9DB /* AppDelegate.swift */ = {isa = PBXFileReference; lastKnownFileType = sourcecode.swift; path = AppDelegate.swift; sourceTree = "<group>"; };
		F8B189561CE816DC00E2A9DB /* Base */ = {isa = PBXFileReference; lastKnownFileType = file.storyboard; name = Base; path = Base.lproj/Main.storyboard; sourceTree = "<group>"; };
		F8B189581CE816DC00E2A9DB /* Assets.xcassets */ = {isa = PBXFileReference; lastKnownFileType = folder.assetcatalog; path = Assets.xcassets; sourceTree = "<group>"; };
		F8B1895B1CE816DC00E2A9DB /* Base */ = {isa = PBXFileReference; lastKnownFileType = file.storyboard; name = Base; path = Base.lproj/LaunchScreen.storyboard; sourceTree = "<group>"; };
		F8B1895D1CE816DC00E2A9DB /* Info.plist */ = {isa = PBXFileReference; lastKnownFileType = text.plist.xml; path = Info.plist; sourceTree = "<group>"; };
		F8B189641CE8173300E2A9DB /* ImageViewController.swift */ = {isa = PBXFileReference; fileEncoding = 4; lastKnownFileType = sourcecode.swift; path = ImageViewController.swift; sourceTree = "<group>"; };
		F8B189661CE8194400E2A9DB /* DemoURL.swift */ = {isa = PBXFileReference; fileEncoding = 4; lastKnownFileType = sourcecode.swift; path = DemoURL.swift; sourceTree = "<group>"; };
		F8B189681CE81E3A00E2A9DB /* CassiniViewController.swift */ = {isa = PBXFileReference; fileEncoding = 4; lastKnownFileType = sourcecode.swift; path = CassiniViewController.swift; sourceTree = "<group>"; };
/* End PBXFileReference section */

/* Begin PBXFrameworksBuildPhase section */
		F8B1894B1CE816DC00E2A9DB /* Frameworks */ = {
			isa = PBXFrameworksBuildPhase;
			buildActionMask = 2147483647;
			files = (
			);
			runOnlyForDeploymentPostprocessing = 0;
		};
/* End PBXFrameworksBuildPhase section */

/* Begin PBXGroup section */
		F8B189451CE816DC00E2A9DB = {
			isa = PBXGroup;
			children = (
				F8B189501CE816DC00E2A9DB /* Cassini */,
				F8B1894F1CE816DC00E2A9DB /* Products */,
			);
			sourceTree = "<group>";
		};
		F8B1894F1CE816DC00E2A9DB /* Products */ = {
			isa = PBXGroup;
			children = (
				F8B1894E1CE816DC00E2A9DB /* Cassini.app */,
			);
			name = Products;
			sourceTree = "<group>";
		};
		F8B189501CE816DC00E2A9DB /* Cassini */ = {
			isa = PBXGroup;
			children = (
				F8B189551CE816DC00E2A9DB /* Main.storyboard */,
				F8B189641CE8173300E2A9DB /* ImageViewController.swift */,
				F8B189681CE81E3A00E2A9DB /* CassiniViewController.swift */,
				F8B189661CE8194400E2A9DB /* DemoURL.swift */,
				F8B1895D1CE816DC00E2A9DB /* Info.plist */,
				F8B189631CE816E900E2A9DB /* Supporting Files */,
			);
			path = Cassini;
			sourceTree = "<group>";
		};
		F8B189631CE816E900E2A9DB /* Supporting Files */ = {
			isa = PBXGroup;
			children = (
				F8B189511CE816DC00E2A9DB /* AppDelegate.swift */,
				F8B189581CE816DC00E2A9DB /* Assets.xcassets */,
				F8B1895A1CE816DC00E2A9DB /* LaunchScreen.storyboard */,
			);
			name = "Supporting Files";
			sourceTree = "<group>";
		};
/* End PBXGroup section */

/* Begin PBXNativeTarget section */
		F8B1894D1CE816DC00E2A9DB /* Cassini */ = {
			isa = PBXNativeTarget;
			buildConfigurationList = F8B189601CE816DC00E2A9DB /* Build configuration list for PBXNativeTarget "Cassini" */;
			buildPhases = (
				F8B1894A1CE816DC00E2A9DB /* Sources */,
				F8B1894B1CE816DC00E2A9DB /* Frameworks */,
				F8B1894C1CE816DC00E2A9DB /* Resources */,
			);
			buildRules = (
			);
			dependencies = (
			);
			name = Cassini;
			productName = Cassini;
			productReference = F8B1894E1CE816DC00E2A9DB /* Cassini.app */;
			productType = "com.apple.product-type.application";
		};
/* End PBXNativeTarget section */

/* Begin PBXProject section */
		F8B189461CE816DC00E2A9DB /* Project object */ = {
			isa = PBXProject;
			attributes = {
				LastSwiftUpdateCheck = 0730;
				LastUpgradeCheck = 0830;
				ORGANIZATIONNAME = "Robot Dream";
				TargetAttributes = {
					F8B1894D1CE816DC00E2A9DB = {
						CreatedOnToolsVersion = 7.3.1;
						LastSwiftMigration = 0830;
					};
				};
			};
			buildConfigurationList = F8B189491CE816DC00E2A9DB /* Build configuration list for PBXProject "Cassini" */;
			compatibilityVersion = "Xcode 3.2";
			developmentRegion = English;
			hasScannedForEncodings = 0;
			knownRegions = (
				en,
				Base,
			);
			mainGroup = F8B189451CE816DC00E2A9DB;
			productRefGroup = F8B1894F1CE816DC00E2A9DB /* Products */;
			projectDirPath = "";
			projectRoot = "";
			targets = (
				F8B1894D1CE816DC00E2A9DB /* Cassini */,
			);
		};
/* End PBXProject section */

/* Begin PBXResourcesBuildPhase section */
		F8B1894C1CE816DC00E2A9DB /* Resources */ = {
			isa = PBXResourcesBuildPhase;
			buildActionMask = 2147483647;
			files = (
				F8B1895C1CE816DC00E2A9DB /* LaunchScreen.storyboard in Resources */,
				F8B189591CE816DC00E2A9DB /* Assets.xcassets in Resources */,
				F8B189571CE816DC00E2A9DB /* Main.storyboard in Resources */,
			);
			runOnlyForDeploymentPostprocessing = 0;
		};
/* End PBXResourcesBuildPhase section */

/* Begin PBXSourcesBuildPhase section */
		F8B1894A1CE816DC00E2A9DB /* Sources */ = {
			isa = PBXSourcesBuildPhase;
			buildActionMask = 2147483647;
			files = (
				F8B189651CE8173300E2A9DB /* ImageViewController.swift in Sources */,
				F8B189521CE816DC00E2A9DB /* AppDelegate.swift in Sources */,
				F8B189671CE8194400E2A9DB /* DemoURL.swift in Sources */,
				F8B189691CE81E3A00E2A9DB /* CassiniViewController.swift in Sources */,
			);
			runOnlyForDeploymentPostprocessing = 0;
		};
/* End PBXSourcesBuildPhase section */

/* Begin PBXVariantGroup section */
		F8B189551CE816DC00E2A9DB /* Main.storyboard */ = {
			isa = PBXVariantGroup;
			children = (
				F8B189561CE816DC00E2A9DB /* Base */,
			);
			name = Main.storyboard;
			sourceTree = "<group>";
		};
		F8B1895A1CE816DC00E2A9DB /* LaunchScreen.storyboard */ = {
			isa = PBXVariantGroup;
			children = (
				F8B1895B1CE816DC00E2A9DB /* Base */,
			);
			name = LaunchScreen.storyboard;
			sourceTree = "<group>";
		};
/* End PBXVariantGroup section */

/* Begin XCBuildConfiguration section */
		F8B1895E1CE816DC00E2A9DB /* Debug */ = {
			isa = XCBuildConfiguration;
			buildSettings = {
				ALWAYS_SEARCH_USER_PATHS = NO;
				CLANG_ANALYZER_NONNULL = YES;
				CLANG_CXX_LANGUAGE_STANDARD = "gnu++0x";
				CLANG_CXX_LIBRARY = "libc++";
				CLANG_ENABLE_MODULES = YES;
				CLANG_ENABLE_OBJC_ARC = YES;
				CLANG_WARN_BOOL_CONVERSION = YES;
				CLANG_WARN_CONSTANT_CONVERSION = YES;
				CLANG_WARN_DIRECT_OBJC_ISA_USAGE = YES_ERROR;
				CLANG_WARN_EMPTY_BODY = YES;
				CLANG_WARN_ENUM_CONVERSION = YES;
				CLANG_WARN_INFINITE_RECURSION = YES;
				CLANG_WARN_INT_CONVERSION = YES;
				CLANG_WARN_OBJC_ROOT_CLASS = YES_ERROR;
				CLANG_WARN_SUSPICIOUS_MOVE = YES;
				CLANG_WARN_UNREACHABLE_CODE = YES;
				CLANG_WARN__DUPLICATE_METHOD_MATCH = YES;
				"CODE_SIGN_IDENTITY[sdk=iphoneos*]" = "iPhone Developer";
				COPY_PHASE_STRIP = NO;
				DEBUG_INFORMATION_FORMAT = dwarf;
				ENABLE_STRICT_OBJC_MSGSEND = YES;
				ENABLE_TESTABILITY = YES;
				GCC_C_LANGUAGE_STANDARD = gnu99;
				GCC_DYNAMIC_NO_PIC = NO;
				GCC_NO_COMMON_BLOCKS = YES;
				GCC_OPTIMIZATION_LEVEL = 0;
				GCC_PREPROCESSOR_DEFINITIONS = (
					"DEBUG=1",
					"$(inherited)",
				);
				GCC_WARN_64_TO_32_BIT_CONVERSION = YES;
				GCC_WARN_ABOUT_RETURN_TYPE = YES_ERROR;
				GCC_WARN_UNDECLARED_SELECTOR = YES;
				GCC_WARN_UNINITIALIZED_AUTOS = YES_AGGRESSIVE;
				GCC_WARN_UNUSED_FUNCTION = YES;
				GCC_WARN_UNUSED_VARIABLE = YES;
				IPHONEOS_DEPLOYMENT_TARGET = 9.3;
				MTL_ENABLE_DEBUG_INFO = YES;
				ONLY_ACTIVE_ARCH = YES;
				SDKROOT = iphoneos;
				SWIFT_OPTIMIZATION_LEVEL = "-Onone";
				TARGETED_DEVICE_FAMILY = "1,2";
			};
			name = Debug;
		};
		F8B1895F1CE816DC00E2A9DB /* Release */ = {
			isa = XCBuildConfiguration;
			buildSettings = {
				ALWAYS_SEARCH_USER_PATHS = NO;
				CLANG_ANALYZER_NONNULL = YES;
				CLANG_CXX_LANGUAGE_STANDARD = "gnu++0x";
				CLANG_CXX_LIBRARY = "libc++";
				CLANG_ENABLE_MODULES = YES;
				CLANG_ENABLE_OBJC_ARC = YES;
				CLANG_WARN_BOOL_CONVERSION = YES;
				CLANG_WARN_CONSTANT_CONVERSION = YES;
				CLANG_WARN_DIRECT_OBJC_ISA_USAGE = YES_ERROR;
				CLANG_WARN_EMPTY_BODY = YES;
				CLANG_WARN_ENUM_CONVERSION = YES;
				CLANG_WARN_INFINITE_RECURSION = YES;
				CLANG_WARN_INT_CONVERSION = YES;
				CLANG_WARN_OBJC_ROOT_CLASS = YES_ERROR;
				CLANG_WARN_SUSPICIOUS_MOVE = YES;
				CLANG_WARN_UNREACHABLE_CODE = YES;
				CLANG_WARN__DUPLICATE_METHOD_MATCH = YES;
				"CODE_SIGN_IDENTITY[sdk=iphoneos*]" = "iPhone Developer";
				COPY_PHASE_STRIP = NO;
				DEBUG_INFORMATION_FORMAT = "dwarf-with-dsym";
				ENABLE_NS_ASSERTIONS = NO;
				ENABLE_STRICT_OBJC_MSGSEND = YES;
				GCC_C_LANGUAGE_STANDARD = gnu99;
				GCC_NO_COMMON_BLOCKS = YES;
				GCC_WARN_64_TO_32_BIT_CONVERSION = YES;
				GCC_WARN_ABOUT_RETURN_TYPE = YES_ERROR;
				GCC_WARN_UNDECLARED_SELECTOR = YES;
				GCC_WARN_UNINITIALIZED_AUTOS = YES_AGGRESSIVE;
				GCC_WARN_UNUSED_FUNCTION = YES;
				GCC_WARN_UNUSED_VARIABLE = YES;
				IPHONEOS_DEPLOYMENT_TARGET = 9.3;
				MTL_ENABLE_DEBUG_INFO = NO;
				SDKROOT = iphoneos;
				SWIFT_OPTIMIZATION_LEVEL = "-Owholemodule";
				TARGETED_DEVICE_FAMILY = "1,2";
				VALIDATE_PRODUCT = YES;
			};
			name = Release;
		};
		F8B189611CE816DC00E2A9DB /* Debug */ = {
			isa = XCBuildConfiguration;
			buildSettings = {
				ASSETCATALOG_COMPILER_APPICON_NAME = AppIcon;
				CODE_SIGN_IDENTITY = "iPhone Developer";
				"CODE_SIGN_IDENTITY[sdk=iphoneos*]" = "iPhone Developer";
				DEVELOPMENT_TEAM = "";
				INFOPLIST_FILE = Cassini/Info.plist;
				LD_RUNPATH_SEARCH_PATHS = "$(inherited) @executable_path/Frameworks";
				PRODUCT_BUNDLE_IDENTIFIER = com.robotdream.Cassini;
				PRODUCT_NAME = "$(TARGET_NAME)";
				PROVISIONING_PROFILE = "";
				SWIFT_VERSION = 3.0;
			};
			name = Debug;
		};
		F8B189621CE816DC00E2A9DB /* Release */ = {
			isa = XCBuildConfiguration;
			buildSettings = {
				ASSETCATALOG_COMPILER_APPICON_NAME = AppIcon;
				CODE_SIGN_IDENTITY = "iPhone Developer";
				"CODE_SIGN_IDENTITY[sdk=iphoneos*]" = "iPhone Developer";
				DEVELOPMENT_TEAM = "";
				INFOPLIST_FILE = Cassini/Info.plist;
				LD_RUNPATH_SEARCH_PATHS = "$(inherited) @executable_path/Frameworks";
				PRODUCT_BUNDLE_IDENTIFIER = com.robotdream.Cassini;
				PRODUCT_NAME = "$(TARGET_NAME)";
				PROVISIONING_PROFILE = "";
				SWIFT_VERSION = 3.0;
			};
			name = Release;
		};
/* End XCBuildConfiguration section */

/* Begin XCConfigurationList section */
		F8B189491CE816DC00E2A9DB /* Build configuration list for PBXProject "Cassini" */ = {
			isa = XCConfigurationList;
			buildConfigurations = (
				F8B1895E1CE816DC00E2A9DB /* Debug */,
				F8B1895F1CE816DC00E2A9DB /* Release */,
			);
			defaultConfigurationIsVisible = 0;
			defaultConfigurationName = Release;
		};
		F8B189601CE816DC00E2A9DB /* Build configuration list for PBXNativeTarget "Cassini" */ = {
			isa = XCConfigurationList;
			buildConfigurations = (
				F8B189611CE816DC00E2A9DB /* Debug */,
				F8B189621CE816DC00E2A9DB /* Release */,
			);
			defaultConfigurationIsVisible = 0;
			defaultConfigurationName = Release;
		};
/* End XCConfigurationList section */
	};
	rootObject = F8B189461CE816DC00E2A9DB /* Project object */;
}
